
Microsoft Visual Studio Solution File, Format Version 12.00
# Visual Studio Version 17
VisualStudioVersion = 17.5.33530.505
MinimumVisualStudioVersion = 10.0.40219.1
Project("{2150E333-8FDC-42A3-9474-1A3956D46DE8}") = "1 - Services", "1 - Services", "{562A828A-7E82-419A-8C35-AF6B8FDD5844}"
EndProject
Project("{2150E333-8FDC-42A3-9474-1A3956D46DE8}") = "2 - Application", "2 - Application", "{CA782273-35E6-44C0-BDA2-D9AD6E2241F0}"
EndProject
Project("{2150E333-8FDC-42A3-9474-1A3956D46DE8}") = "3 - Domain", "3 - Domain", "{9EB43F90-C5AF-4980-9C56-B2B4188F07FE}"
EndProject
Project("{2150E333-8FDC-42A3-9474-1A3956D46DE8}") = "4 - Infra", "4 - Infra", "{8F827786-6806-4F94-B08F-A200910E3D58}"
EndProject
Project("{2150E333-8FDC-42A3-9474-1A3956D46DE8}") = "4.1 - Data", "4.1 - Data", "{41A09E45-D836-4A99-A128-60579D9DCCD2}"
EndProject
Project("{2150E333-8FDC-42A3-9474-1A3956D46DE8}") = "4.2 - CrossCutting", "4.2 - CrossCutting", "{C23DA21C-2D67-4D46-9D0A-CA42F47AADB9}"
EndProject
Project("{9A19103F-16F7-4668-BE54-9A1E7A4F7556}") = "EatEasy.Domain.Core", "src\EatEasy.Domain.Core\EatEasy.Domain.Core.csproj", "{364355C4-C231-4F66-A302-6EE3B0FAF2BB}"
EndProject
Project("{9A19103F-16F7-4668-BE54-9A1E7A4F7556}") = "EatEasy.Domain", "src\EatEasy.Domain\EatEasy.Domain.csproj", "{189D4B1D-1FAB-45EC-B8ED-3838B71F6773}"
EndProject
Project("{9A19103F-16F7-4668-BE54-9A1E7A4F7556}") = "EatEasy.Services.API", "src\EatEasy.Services.API\EatEasy.Services.API.csproj", "{A111642F-7A0F-4557-95F3-3F39061F6649}"
EndProject
Project("{2150E333-8FDC-42A3-9474-1A3956D46DE8}") = "5 - Tests", "5 - Tests", "{4FB09AB8-4C97-4D8C-B982-94823650A969}"
EndProject
Project("{9A19103F-16F7-4668-BE54-9A1E7A4F7556}") = "EatEasy.Infra.Data", "src\EatEasy.Infra.Data\EatEasy.Infra.Data.csproj", "{685F854C-167F-4BA5-8908-437DDF42B6C7}"
EndProject
Project("{9A19103F-16F7-4668-BE54-9A1E7A4F7556}") = "EatEasy.Tests.Domain", "src\EatEasy.Tests.Domain\EatEasy.Tests.Domain.csproj", "{41FECAB8-B9F8-471F-BA05-2DCDF8C81983}"
EndProject
Project("{9A19103F-16F7-4668-BE54-9A1E7A4F7556}") = "EatEasy.CrossCutting.IoC", "src\EatEasy.CrossCutting.IoC\EatEasy.CrossCutting.IoC.csproj", "{8D26DDF2-1EE4-415A-A649-9A02B6BD1B86}"
EndProject
Project("{9A19103F-16F7-4668-BE54-9A1E7A4F7556}") = "EatEasy.CrossCutting.Bus", "src\EatEasy.CrossCutting.Bus\EatEasy.CrossCutting.Bus.csproj", "{5F9B4996-B089-4329-931C-B0848474BE49}"
EndProject
Project("{9A19103F-16F7-4668-BE54-9A1E7A4F7556}") = "EatEasy.Application", "src\EatEasy.Application\EatEasy.Application.csproj", "{0F6D3F28-04FA-4507-AC7F-10F69117C6D7}"
EndProject
Global
	GlobalSection(SolutionConfigurationPlatforms) = preSolution
		Debug|Any CPU = Debug|Any CPU
		Release|Any CPU = Release|Any CPU
	EndGlobalSection
	GlobalSection(ProjectConfigurationPlatforms) = postSolution
		{364355C4-C231-4F66-A302-6EE3B0FAF2BB}.Debug|Any CPU.ActiveCfg = Debug|Any CPU
		{364355C4-C231-4F66-A302-6EE3B0FAF2BB}.Debug|Any CPU.Build.0 = Debug|Any CPU
		{364355C4-C231-4F66-A302-6EE3B0FAF2BB}.Release|Any CPU.ActiveCfg = Release|Any CPU
		{364355C4-C231-4F66-A302-6EE3B0FAF2BB}.Release|Any CPU.Build.0 = Release|Any CPU
		{189D4B1D-1FAB-45EC-B8ED-3838B71F6773}.Debug|Any CPU.ActiveCfg = Debug|Any CPU
		{189D4B1D-1FAB-45EC-B8ED-3838B71F6773}.Debug|Any CPU.Build.0 = Debug|Any CPU
		{189D4B1D-1FAB-45EC-B8ED-3838B71F6773}.Release|Any CPU.ActiveCfg = Release|Any CPU
		{189D4B1D-1FAB-45EC-B8ED-3838B71F6773}.Release|Any CPU.Build.0 = Release|Any CPU
		{A111642F-7A0F-4557-95F3-3F39061F6649}.Debug|Any CPU.ActiveCfg = Debug|Any CPU
		{A111642F-7A0F-4557-95F3-3F39061F6649}.Debug|Any CPU.Build.0 = Debug|Any CPU
		{A111642F-7A0F-4557-95F3-3F39061F6649}.Release|Any CPU.ActiveCfg = Release|Any CPU
		{A111642F-7A0F-4557-95F3-3F39061F6649}.Release|Any CPU.Build.0 = Release|Any CPU
		{685F854C-167F-4BA5-8908-437DDF42B6C7}.Debug|Any CPU.ActiveCfg = Debug|Any CPU
		{685F854C-167F-4BA5-8908-437DDF42B6C7}.Debug|Any CPU.Build.0 = Debug|Any CPU
		{685F854C-167F-4BA5-8908-437DDF42B6C7}.Release|Any CPU.ActiveCfg = Release|Any CPU
		{685F854C-167F-4BA5-8908-437DDF42B6C7}.Release|Any CPU.Build.0 = Release|Any CPU
		{41FECAB8-B9F8-471F-BA05-2DCDF8C81983}.Debug|Any CPU.ActiveCfg = Debug|Any CPU
		{41FECAB8-B9F8-471F-BA05-2DCDF8C81983}.Debug|Any CPU.Build.0 = Debug|Any CPU
		{41FECAB8-B9F8-471F-BA05-2DCDF8C81983}.Release|Any CPU.ActiveCfg = Release|Any CPU
		{41FECAB8-B9F8-471F-BA05-2DCDF8C81983}.Release|Any CPU.Build.0 = Release|Any CPU
		{8D26DDF2-1EE4-415A-A649-9A02B6BD1B86}.Debug|Any CPU.ActiveCfg = Debug|Any CPU
		{8D26DDF2-1EE4-415A-A649-9A02B6BD1B86}.Debug|Any CPU.Build.0 = Debug|Any CPU
		{8D26DDF2-1EE4-415A-A649-9A02B6BD1B86}.Release|Any CPU.ActiveCfg = Release|Any CPU
		{8D26DDF2-1EE4-415A-A649-9A02B6BD1B86}.Release|Any CPU.Build.0 = Release|Any CPU
		{5F9B4996-B089-4329-931C-B0848474BE49}.Debug|Any CPU.ActiveCfg = Debug|Any CPU
		{5F9B4996-B089-4329-931C-B0848474BE49}.Debug|Any CPU.Build.0 = Debug|Any CPU
		{5F9B4996-B089-4329-931C-B0848474BE49}.Release|Any CPU.ActiveCfg = Release|Any CPU
		{5F9B4996-B089-4329-931C-B0848474BE49}.Release|Any CPU.Build.0 = Release|Any CPU
		{0F6D3F28-04FA-4507-AC7F-10F69117C6D7}.Debug|Any CPU.ActiveCfg = Debug|Any CPU
		{0F6D3F28-04FA-4507-AC7F-10F69117C6D7}.Debug|Any CPU.Build.0 = Debug|Any CPU
		{0F6D3F28-04FA-4507-AC7F-10F69117C6D7}.Release|Any CPU.ActiveCfg = Release|Any CPU
		{0F6D3F28-04FA-4507-AC7F-10F69117C6D7}.Release|Any CPU.Build.0 = Release|Any CPU
	EndGlobalSection
	GlobalSection(SolutionProperties) = preSolution
		HideSolutionNode = FALSE
	EndGlobalSection
	GlobalSection(NestedProjects) = preSolution
		{41A09E45-D836-4A99-A128-60579D9DCCD2} = {8F827786-6806-4F94-B08F-A200910E3D58}
		{C23DA21C-2D67-4D46-9D0A-CA42F47AADB9} = {8F827786-6806-4F94-B08F-A200910E3D58}
		{364355C4-C231-4F66-A302-6EE3B0FAF2BB} = {9EB43F90-C5AF-4980-9C56-B2B4188F07FE}
		{189D4B1D-1FAB-45EC-B8ED-3838B71F6773} = {9EB43F90-C5AF-4980-9C56-B2B4188F07FE}
		{A111642F-7A0F-4557-95F3-3F39061F6649} = {562A828A-7E82-419A-8C35-AF6B8FDD5844}
		{685F854C-167F-4BA5-8908-437DDF42B6C7} = {41A09E45-D836-4A99-A128-60579D9DCCD2}
		{41FECAB8-B9F8-471F-BA05-2DCDF8C81983} = {4FB09AB8-4C97-4D8C-B982-94823650A969}
		{8D26DDF2-1EE4-415A-A649-9A02B6BD1B86} = {C23DA21C-2D67-4D46-9D0A-CA42F47AADB9}
		{5F9B4996-B089-4329-931C-B0848474BE49} = {C23DA21C-2D67-4D46-9D0A-CA42F47AADB9}
		{0F6D3F28-04FA-4507-AC7F-10F69117C6D7} = {CA782273-35E6-44C0-BDA2-D9AD6E2241F0}
	EndGlobalSection
	GlobalSection(ExtensibilityGlobals) = postSolution
		SolutionGuid = {67102501-4108-45E0-AD73-6DF94FEDED0E}
	EndGlobalSection
EndGlobal
